// !$*UTF8*$!
{
	archiveVersion = 1;
	classes = {
	};
	objectVersion = 46;
	objects = {

/* Begin PBXBuildFile section */
		B55A83FC1C59DC1500C4B6A0 /* MJRefreshAutoFooter.m in Sources */ = {isa = PBXBuildFile; fileRef = B55A83D21C59DC1500C4B6A0 /* MJRefreshAutoFooter.m */; };
		B55A83FD1C59DC1500C4B6A0 /* MJRefreshBackFooter.m in Sources */ = {isa = PBXBuildFile; fileRef = B55A83D41C59DC1500C4B6A0 /* MJRefreshBackFooter.m */; };
		B55A83FE1C59DC1500C4B6A0 /* MJRefreshComponent.m in Sources */ = {isa = PBXBuildFile; fileRef = B55A83D61C59DC1500C4B6A0 /* MJRefreshComponent.m */; };
		B55A83FF1C59DC1500C4B6A0 /* MJRefreshFooter.m in Sources */ = {isa = PBXBuildFile; fileRef = B55A83D81C59DC1500C4B6A0 /* MJRefreshFooter.m */; };
		B55A84001C59DC1500C4B6A0 /* MJRefreshHeader.m in Sources */ = {isa = PBXBuildFile; fileRef = B55A83DA1C59DC1500C4B6A0 /* MJRefreshHeader.m */; };
		B55A84011C59DC1500C4B6A0 /* MJRefreshAutoGifFooter.m in Sources */ = {isa = PBXBuildFile; fileRef = B55A83DF1C59DC1500C4B6A0 /* MJRefreshAutoGifFooter.m */; };
		B55A84021C59DC1500C4B6A0 /* MJRefreshAutoNormalFooter.m in Sources */ = {isa = PBXBuildFile; fileRef = B55A83E11C59DC1500C4B6A0 /* MJRefreshAutoNormalFooter.m */; };
		B55A84031C59DC1500C4B6A0 /* MJRefreshAutoStateFooter.m in Sources */ = {isa = PBXBuildFile; fileRef = B55A83E31C59DC1500C4B6A0 /* MJRefreshAutoStateFooter.m */; };
		B55A84041C59DC1500C4B6A0 /* MJRefreshBackGifFooter.m in Sources */ = {isa = PBXBuildFile; fileRef = B55A83E61C59DC1500C4B6A0 /* MJRefreshBackGifFooter.m */; };
		B55A84051C59DC1500C4B6A0 /* MJRefreshBackNormalFooter.m in Sources */ = {isa = PBXBuildFile; fileRef = B55A83E81C59DC1500C4B6A0 /* MJRefreshBackNormalFooter.m */; };
		B55A84061C59DC1500C4B6A0 /* MJRefreshBackStateFooter.m in Sources */ = {isa = PBXBuildFile; fileRef = B55A83EA1C59DC1500C4B6A0 /* MJRefreshBackStateFooter.m */; };
		B55A84071C59DC1500C4B6A0 /* MJRefreshGifHeader.m in Sources */ = {isa = PBXBuildFile; fileRef = B55A83ED1C59DC1500C4B6A0 /* MJRefreshGifHeader.m */; };
		B55A84081C59DC1500C4B6A0 /* MJRefreshNormalHeader.m in Sources */ = {isa = PBXBuildFile; fileRef = B55A83EF1C59DC1500C4B6A0 /* MJRefreshNormalHeader.m */; };
		B55A84091C59DC1500C4B6A0 /* MJRefreshStateHeader.m in Sources */ = {isa = PBXBuildFile; fileRef = B55A83F11C59DC1500C4B6A0 /* MJRefreshStateHeader.m */; };
		B55A840A1C59DC1500C4B6A0 /* MJRefresh.bundle in Resources */ = {isa = PBXBuildFile; fileRef = B55A83F21C59DC1500C4B6A0 /* MJRefresh.bundle */; };
		B55A840B1C59DC1500C4B6A0 /* MJRefreshConst.m in Sources */ = {isa = PBXBuildFile; fileRef = B55A83F51C59DC1500C4B6A0 /* MJRefreshConst.m */; };
		B55A840C1C59DC1500C4B6A0 /* UIScrollView+MJExtension.m in Sources */ = {isa = PBXBuildFile; fileRef = B55A83F71C59DC1500C4B6A0 /* UIScrollView+MJExtension.m */; };
		B55A840D1C59DC1500C4B6A0 /* UIScrollView+MJRefresh.m in Sources */ = {isa = PBXBuildFile; fileRef = B55A83F91C59DC1500C4B6A0 /* UIScrollView+MJRefresh.m */; };
		B55A840E1C59DC1500C4B6A0 /* UIView+MJExtension.m in Sources */ = {isa = PBXBuildFile; fileRef = B55A83FB1C59DC1500C4B6A0 /* UIView+MJExtension.m */; };
		B59E860C1B411EDF0008D5D9 /* main.m in Sources */ = {isa = PBXBuildFile; fileRef = B59E860B1B411EDF0008D5D9 /* main.m */; };
		B59E860F1B411EDF0008D5D9 /* AppDelegate.m in Sources */ = {isa = PBXBuildFile; fileRef = B59E860E1B411EDF0008D5D9 /* AppDelegate.m */; };
		B59E86121B411EDF0008D5D9 /* ViewController.m in Sources */ = {isa = PBXBuildFile; fileRef = B59E86111B411EDF0008D5D9 /* ViewController.m */; };
		B59E86151B411EDF0008D5D9 /* Main.storyboard in Resources */ = {isa = PBXBuildFile; fileRef = B59E86131B411EDF0008D5D9 /* Main.storyboard */; };
		B59E86171B411EDF0008D5D9 /* Images.xcassets in Resources */ = {isa = PBXBuildFile; fileRef = B59E86161B411EDF0008D5D9 /* Images.xcassets */; };
		B59E861A1B411EDF0008D5D9 /* LaunchScreen.xib in Resources */ = {isa = PBXBuildFile; fileRef = B59E86181B411EDF0008D5D9 /* LaunchScreen.xib */; };
		B59E86261B411EDF0008D5D9 /* LazyTableViewTests.m in Sources */ = {isa = PBXBuildFile; fileRef = B59E86251B411EDF0008D5D9 /* LazyTableViewTests.m */; };
		B59E86391B4120430008D5D9 /* LazyTableBaseItem.m in Sources */ = {isa = PBXBuildFile; fileRef = B59E86311B4120430008D5D9 /* LazyTableBaseItem.m */; };
		B59E863A1B4120430008D5D9 /* LazyTableBaseSection.m in Sources */ = {isa = PBXBuildFile; fileRef = B59E86331B4120430008D5D9 /* LazyTableBaseSection.m */; };
		B59E863B1B4120430008D5D9 /* LazyTableHelp.m in Sources */ = {isa = PBXBuildFile; fileRef = B59E86361B4120430008D5D9 /* LazyTableHelp.m */; };
		B59E863C1B4120430008D5D9 /* LazyTableView.m in Sources */ = {isa = PBXBuildFile; fileRef = B59E86381B4120430008D5D9 /* LazyTableView.m */; };
		B59E869A1B4121EC0008D5D9 /* AFHTTPRequestOperation.m in Sources */ = {isa = PBXBuildFile; fileRef = B59E86411B4121EC0008D5D9 /* AFHTTPRequestOperation.m */; };
		B59E869B1B4121EC0008D5D9 /* AFHTTPRequestOperationManager.m in Sources */ = {isa = PBXBuildFile; fileRef = B59E86431B4121EC0008D5D9 /* AFHTTPRequestOperationManager.m */; };
		B59E869C1B4121EC0008D5D9 /* AFHTTPSessionManager.m in Sources */ = {isa = PBXBuildFile; fileRef = B59E86451B4121EC0008D5D9 /* AFHTTPSessionManager.m */; };
		B59E869D1B4121EC0008D5D9 /* AFNetworkReachabilityManager.m in Sources */ = {isa = PBXBuildFile; fileRef = B59E86481B4121EC0008D5D9 /* AFNetworkReachabilityManager.m */; };
		B59E869E1B4121EC0008D5D9 /* AFSecurityPolicy.m in Sources */ = {isa = PBXBuildFile; fileRef = B59E864A1B4121EC0008D5D9 /* AFSecurityPolicy.m */; };
		B59E869F1B4121EC0008D5D9 /* AFURLConnectionOperation.m in Sources */ = {isa = PBXBuildFile; fileRef = B59E864C1B4121EC0008D5D9 /* AFURLConnectionOperation.m */; };
		B59E86A01B4121EC0008D5D9 /* AFURLRequestSerialization.m in Sources */ = {isa = PBXBuildFile; fileRef = B59E864E1B4121EC0008D5D9 /* AFURLRequestSerialization.m */; };
		B59E86A11B4121EC0008D5D9 /* AFURLResponseSerialization.m in Sources */ = {isa = PBXBuildFile; fileRef = B59E86501B4121EC0008D5D9 /* AFURLResponseSerialization.m */; };
		B59E86A21B4121EC0008D5D9 /* AFURLSessionManager.m in Sources */ = {isa = PBXBuildFile; fileRef = B59E86521B4121EC0008D5D9 /* AFURLSessionManager.m */; };
		B59E86A31B4121EC0008D5D9 /* LICENSE in Resources */ = {isa = PBXBuildFile; fileRef = B59E86531B4121EC0008D5D9 /* LICENSE */; };
		B59E86A41B4121EC0008D5D9 /* README.md in Sources */ = {isa = PBXBuildFile; fileRef = B59E86541B4121EC0008D5D9 /* README.md */; };
		B59E86A51B4121EC0008D5D9 /* AFNetworkActivityIndicatorManager.m in Sources */ = {isa = PBXBuildFile; fileRef = B59E86571B4121EC0008D5D9 /* AFNetworkActivityIndicatorManager.m */; };
		B59E86A61B4121EC0008D5D9 /* UIActivityIndicatorView+AFNetworking.m in Sources */ = {isa = PBXBuildFile; fileRef = B59E86591B4121EC0008D5D9 /* UIActivityIndicatorView+AFNetworking.m */; };
		B59E86A71B4121EC0008D5D9 /* UIAlertView+AFNetworking.m in Sources */ = {isa = PBXBuildFile; fileRef = B59E865B1B4121EC0008D5D9 /* UIAlertView+AFNetworking.m */; };
		B59E86A81B4121EC0008D5D9 /* UIButton+AFNetworking.m in Sources */ = {isa = PBXBuildFile; fileRef = B59E865D1B4121EC0008D5D9 /* UIButton+AFNetworking.m */; };
		B59E86A91B4121EC0008D5D9 /* UIImageView+AFNetworking.m in Sources */ = {isa = PBXBuildFile; fileRef = B59E865F1B4121EC0008D5D9 /* UIImageView+AFNetworking.m */; };
		B59E86AA1B4121EC0008D5D9 /* UIProgressView+AFNetworking.m in Sources */ = {isa = PBXBuildFile; fileRef = B59E86621B4121EC0008D5D9 /* UIProgressView+AFNetworking.m */; };
		B59E86AB1B4121EC0008D5D9 /* UIRefreshControl+AFNetworking.m in Sources */ = {isa = PBXBuildFile; fileRef = B59E86641B4121EC0008D5D9 /* UIRefreshControl+AFNetworking.m */; };
		B59E86AC1B4121EC0008D5D9 /* UIWebView+AFNetworking.m in Sources */ = {isa = PBXBuildFile; fileRef = B59E86661B4121EC0008D5D9 /* UIWebView+AFNetworking.m */; };
		B59E86AD1B4121EC0008D5D9 /* JSONModel.m in Sources */ = {isa = PBXBuildFile; fileRef = B59E866B1B4121EC0008D5D9 /* JSONModel.m */; };
		B59E86AE1B4121EC0008D5D9 /* JSONModelArray.m in Sources */ = {isa = PBXBuildFile; fileRef = B59E866D1B4121EC0008D5D9 /* JSONModelArray.m */; };
		B59E86AF1B4121EC0008D5D9 /* JSONModelClassProperty.m in Sources */ = {isa = PBXBuildFile; fileRef = B59E866F1B4121EC0008D5D9 /* JSONModelClassProperty.m */; };
		B59E86B01B4121EC0008D5D9 /* JSONModelError.m in Sources */ = {isa = PBXBuildFile; fileRef = B59E86711B4121EC0008D5D9 /* JSONModelError.m */; };
		B59E86B11B4121EC0008D5D9 /* NSArray+JSONModel.m in Sources */ = {isa = PBXBuildFile; fileRef = B59E86741B4121EC0008D5D9 /* NSArray+JSONModel.m */; };
		B59E86B21B4121EC0008D5D9 /* JSONAPI.m in Sources */ = {isa = PBXBuildFile; fileRef = B59E86781B4121EC0008D5D9 /* JSONAPI.m */; };
		B59E86B31B4121EC0008D5D9 /* JSONHTTPClient.m in Sources */ = {isa = PBXBuildFile; fileRef = B59E867A1B4121EC0008D5D9 /* JSONHTTPClient.m */; };
		B59E86B41B4121EC0008D5D9 /* JSONModel+networking.m in Sources */ = {isa = PBXBuildFile; fileRef = B59E867C1B4121EC0008D5D9 /* JSONModel+networking.m */; };
		B59E86B51B4121EC0008D5D9 /* JSONKeyMapper.m in Sources */ = {isa = PBXBuildFile; fileRef = B59E867F1B4121EC0008D5D9 /* JSONKeyMapper.m */; };
		B59E86B61B4121EC0008D5D9 /* JSONValueTransformer.m in Sources */ = {isa = PBXBuildFile; fileRef = B59E86811B4121EC0008D5D9 /* JSONValueTransformer.m */; };
		B59E86B71B4121EC0008D5D9 /* LICENSE_jsonmodel.txt in Resources */ = {isa = PBXBuildFile; fileRef = B59E86821B4121EC0008D5D9 /* LICENSE_jsonmodel.txt */; };
		B59E86B81B4121EC0008D5D9 /* README.md in Sources */ = {isa = PBXBuildFile; fileRef = B59E86831B4121EC0008D5D9 /* README.md */; };
		B59E86CD1B4123430008D5D9 /* DataEmpty.png in Resources */ = {isa = PBXBuildFile; fileRef = B59E86C41B4123430008D5D9 /* DataEmpty.png */; };
		B59E86CE1B4123430008D5D9 /* DataError.png in Resources */ = {isa = PBXBuildFile; fileRef = B59E86C51B4123430008D5D9 /* DataError.png */; };
		B59E86CF1B4123430008D5D9 /* HUDLoading1.png in Resources */ = {isa = PBXBuildFile; fileRef = B59E86C61B4123430008D5D9 /* HUDLoading1.png */; };
		B59E86D01B4123430008D5D9 /* HUDLoading2.png in Resources */ = {isa = PBXBuildFile; fileRef = B59E86C71B4123430008D5D9 /* HUDLoading2.png */; };
		B59E86D11B4123430008D5D9 /* HUDLoading3.png in Resources */ = {isa = PBXBuildFile; fileRef = B59E86C81B4123430008D5D9 /* HUDLoading3.png */; };
		B59E86D21B4123430008D5D9 /* HUDLoading4.png in Resources */ = {isa = PBXBuildFile; fileRef = B59E86C91B4123430008D5D9 /* HUDLoading4.png */; };
		B59E86D31B4123430008D5D9 /* HUDLoading5.png in Resources */ = {isa = PBXBuildFile; fileRef = B59E86CA1B4123430008D5D9 /* HUDLoading5.png */; };
		B59E86D41B4123430008D5D9 /* HUDLoading6.png in Resources */ = {isa = PBXBuildFile; fileRef = B59E86CB1B4123430008D5D9 /* HUDLoading6.png */; };
		B59E86D51B4123430008D5D9 /* HUDLoading7.png in Resources */ = {isa = PBXBuildFile; fileRef = B59E86CC1B4123430008D5D9 /* HUDLoading7.png */; };
		B59E86D81B4128A40008D5D9 /* InfoItem.m in Sources */ = {isa = PBXBuildFile; fileRef = B59E86D71B4128A40008D5D9 /* InfoItem.m */; };
		B59E86DC1B4129A60008D5D9 /* InfoCell.m in Sources */ = {isa = PBXBuildFile; fileRef = B59E86DA1B4129A60008D5D9 /* InfoCell.m */; };
		B59E86DD1B4129A60008D5D9 /* InfoCell.xib in Resources */ = {isa = PBXBuildFile; fileRef = B59E86DB1B4129A60008D5D9 /* InfoCell.xib */; };
		B59E86E01B412A500008D5D9 /* LazyTableCell.m in Sources */ = {isa = PBXBuildFile; fileRef = B59E86DF1B412A500008D5D9 /* LazyTableCell.m */; };
		B59E86E61B423B100008D5D9 /* myTableViewCell.m in Sources */ = {isa = PBXBuildFile; fileRef = B59E86E21B423B100008D5D9 /* myTableViewCell.m */; };
		B59E86E71B423B100008D5D9 /* myTableViewCell.xib in Resources */ = {isa = PBXBuildFile; fileRef = B59E86E31B423B100008D5D9 /* myTableViewCell.xib */; };
		B59E86E81B423B100008D5D9 /* myTableViewItem.m in Sources */ = {isa = PBXBuildFile; fileRef = B59E86E51B423B100008D5D9 /* myTableViewItem.m */; };
		B59E86EC1B4389450008D5D9 /* MemberHeaderView.m in Sources */ = {isa = PBXBuildFile; fileRef = B59E86EA1B4389450008D5D9 /* MemberHeaderView.m */; };
		B59E86ED1B4389450008D5D9 /* MemberHeaderView.xib in Resources */ = {isa = PBXBuildFile; fileRef = B59E86EB1B4389450008D5D9 /* MemberHeaderView.xib */; };
		B5CD71DC1B4A827D007F76AD /* InfoCell1.m in Sources */ = {isa = PBXBuildFile; fileRef = B5CD71DB1B4A827D007F76AD /* InfoCell1.m */; };
/* End PBXBuildFile section */

/* Begin PBXContainerItemProxy section */
		B59E86201B411EDF0008D5D9 /* PBXContainerItemProxy */ = {
			isa = PBXContainerItemProxy;
			containerPortal = B59E85FE1B411EDF0008D5D9 /* Project object */;
			proxyType = 1;
			remoteGlobalIDString = B59E86051B411EDF0008D5D9;
			remoteInfo = LazyTableView;
		};
/* End PBXContainerItemProxy section */

/* Begin PBXFileReference section */
		B55A83D11C59DC1500C4B6A0 /* MJRefreshAutoFooter.h */ = {isa = PBXFileReference; fileEncoding = 4; lastKnownFileType = sourcecode.c.h; path = MJRefreshAutoFooter.h; sourceTree = "<group>"; };
		B55A83D21C59DC1500C4B6A0 /* MJRefreshAutoFooter.m */ = {isa = PBXFileReference; fileEncoding = 4; lastKnownFileType = sourcecode.c.objc; path = MJRefreshAutoFooter.m; sourceTree = "<group>"; };
		B55A83D31C59DC1500C4B6A0 /* MJRefreshBackFooter.h */ = {isa = PBXFileReference; fileEncoding = 4; lastKnownFileType = sourcecode.c.h; path = MJRefreshBackFooter.h; sourceTree = "<group>"; };
		B55A83D41C59DC1500C4B6A0 /* MJRefreshBackFooter.m */ = {isa = PBXFileReference; fileEncoding = 4; lastKnownFileType = sourcecode.c.objc; path = MJRefreshBackFooter.m; sourceTree = "<group>"; };
		B55A83D51C59DC1500C4B6A0 /* MJRefreshComponent.h */ = {isa = PBXFileReference; fileEncoding = 4; lastKnownFileType = sourcecode.c.h; path = MJRefreshComponent.h; sourceTree = "<group>"; };
		B55A83D61C59DC1500C4B6A0 /* MJRefreshComponent.m */ = {isa = PBXFileReference; fileEncoding = 4; lastKnownFileType = sourcecode.c.objc; path = MJRefreshComponent.m; sourceTree = "<group>"; };
		B55A83D71C59DC1500C4B6A0 /* MJRefreshFooter.h */ = {isa = PBXFileReference; fileEncoding = 4; lastKnownFileType = sourcecode.c.h; path = MJRefreshFooter.h; sourceTree = "<group>"; };
		B55A83D81C59DC1500C4B6A0 /* MJRefreshFooter.m */ = {isa = PBXFileReference; fileEncoding = 4; lastKnownFileType = sourcecode.c.objc; path = MJRefreshFooter.m; sourceTree = "<group>"; };
		B55A83D91C59DC1500C4B6A0 /* MJRefreshHeader.h */ = {isa = PBXFileReference; fileEncoding = 4; lastKnownFileType = sourcecode.c.h; path = MJRefreshHeader.h; sourceTree = "<group>"; };
		B55A83DA1C59DC1500C4B6A0 /* MJRefreshHeader.m */ = {isa = PBXFileReference; fileEncoding = 4; lastKnownFileType = sourcecode.c.objc; path = MJRefreshHeader.m; sourceTree = "<group>"; };
		B55A83DE1C59DC1500C4B6A0 /* MJRefreshAutoGifFooter.h */ = {isa = PBXFileReference; fileEncoding = 4; lastKnownFileType = sourcecode.c.h; path = MJRefreshAutoGifFooter.h; sourceTree = "<group>"; };
		B55A83DF1C59DC1500C4B6A0 /* MJRefreshAutoGifFooter.m */ = {isa = PBXFileReference; fileEncoding = 4; lastKnownFileType = sourcecode.c.objc; path = MJRefreshAutoGifFooter.m; sourceTree = "<group>"; };
		B55A83E01C59DC1500C4B6A0 /* MJRefreshAutoNormalFooter.h */ = {isa = PBXFileReference; fileEncoding = 4; lastKnownFileType = sourcecode.c.h; path = MJRefreshAutoNormalFooter.h; sourceTree = "<group>"; };
		B55A83E11C59DC1500C4B6A0 /* MJRefreshAutoNormalFooter.m */ = {isa = PBXFileReference; fileEncoding = 4; lastKnownFileType = sourcecode.c.objc; path = MJRefreshAutoNormalFooter.m; sourceTree = "<group>"; };
		B55A83E21C59DC1500C4B6A0 /* MJRefreshAutoStateFooter.h */ = {isa = PBXFileReference; fileEncoding = 4; lastKnownFileType = sourcecode.c.h; path = MJRefreshAutoStateFooter.h; sourceTree = "<group>"; };
		B55A83E31C59DC1500C4B6A0 /* MJRefreshAutoStateFooter.m */ = {isa = PBXFileReference; fileEncoding = 4; lastKnownFileType = sourcecode.c.objc; path = MJRefreshAutoStateFooter.m; sourceTree = "<group>"; };
		B55A83E51C59DC1500C4B6A0 /* MJRefreshBackGifFooter.h */ = {isa = PBXFileReference; fileEncoding = 4; lastKnownFileType = sourcecode.c.h; path = MJRefreshBackGifFooter.h; sourceTree = "<group>"; };
		B55A83E61C59DC1500C4B6A0 /* MJRefreshBackGifFooter.m */ = {isa = PBXFileReference; fileEncoding = 4; lastKnownFileType = sourcecode.c.objc; path = MJRefreshBackGifFooter.m; sourceTree = "<group>"; };
		B55A83E71C59DC1500C4B6A0 /* MJRefreshBackNormalFooter.h */ = {isa = PBXFileReference; fileEncoding = 4; lastKnownFileType = sourcecode.c.h; path = MJRefreshBackNormalFooter.h; sourceTree = "<group>"; };
		B55A83E81C59DC1500C4B6A0 /* MJRefreshBackNormalFooter.m */ = {isa = PBXFileReference; fileEncoding = 4; lastKnownFileType = sourcecode.c.objc; path = MJRefreshBackNormalFooter.m; sourceTree = "<group>"; };
		B55A83E91C59DC1500C4B6A0 /* MJRefreshBackStateFooter.h */ = {isa = PBXFileReference; fileEncoding = 4; lastKnownFileType = sourcecode.c.h; path = MJRefreshBackStateFooter.h; sourceTree = "<group>"; };
		B55A83EA1C59DC1500C4B6A0 /* MJRefreshBackStateFooter.m */ = {isa = PBXFileReference; fileEncoding = 4; lastKnownFileType = sourcecode.c.objc; path = MJRefreshBackStateFooter.m; sourceTree = "<group>"; };
		B55A83EC1C59DC1500C4B6A0 /* MJRefreshGifHeader.h */ = {isa = PBXFileReference; fileEncoding = 4; lastKnownFileType = sourcecode.c.h; path = MJRefreshGifHeader.h; sourceTree = "<group>"; };
		B55A83ED1C59DC1500C4B6A0 /* MJRefreshGifHeader.m */ = {isa = PBXFileReference; fileEncoding = 4; lastKnownFileType = sourcecode.c.objc; path = MJRefreshGifHeader.m; sourceTree = "<group>"; };
		B55A83EE1C59DC1500C4B6A0 /* MJRefreshNormalHeader.h */ = {isa = PBXFileReference; fileEncoding = 4; lastKnownFileType = sourcecode.c.h; path = MJRefreshNormalHeader.h; sourceTree = "<group>"; };
		B55A83EF1C59DC1500C4B6A0 /* MJRefreshNormalHeader.m */ = {isa = PBXFileReference; fileEncoding = 4; lastKnownFileType = sourcecode.c.objc; path = MJRefreshNormalHeader.m; sourceTree = "<group>"; };
		B55A83F01C59DC1500C4B6A0 /* MJRefreshStateHeader.h */ = {isa = PBXFileReference; fileEncoding = 4; lastKnownFileType = sourcecode.c.h; path = MJRefreshStateHeader.h; sourceTree = "<group>"; };
		B55A83F11C59DC1500C4B6A0 /* MJRefreshStateHeader.m */ = {isa = PBXFileReference; fileEncoding = 4; lastKnownFileType = sourcecode.c.objc; path = MJRefreshStateHeader.m; sourceTree = "<group>"; };
		B55A83F21C59DC1500C4B6A0 /* MJRefresh.bundle */ = {isa = PBXFileReference; lastKnownFileType = "wrapper.plug-in"; path = MJRefresh.bundle; sourceTree = "<group>"; };
		B55A83F31C59DC1500C4B6A0 /* MJRefresh.h */ = {isa = PBXFileReference; fileEncoding = 4; lastKnownFileType = sourcecode.c.h; path = MJRefresh.h; sourceTree = "<group>"; };
		B55A83F41C59DC1500C4B6A0 /* MJRefreshConst.h */ = {isa = PBXFileReference; fileEncoding = 4; lastKnownFileType = sourcecode.c.h; path = MJRefreshConst.h; sourceTree = "<group>"; };
		B55A83F51C59DC1500C4B6A0 /* MJRefreshConst.m */ = {isa = PBXFileReference; fileEncoding = 4; lastKnownFileType = sourcecode.c.objc; path = MJRefreshConst.m; sourceTree = "<group>"; };
		B55A83F61C59DC1500C4B6A0 /* UIScrollView+MJExtension.h */ = {isa = PBXFileReference; fileEncoding = 4; lastKnownFileType = sourcecode.c.h; path = "UIScrollView+MJExtension.h"; sourceTree = "<group>"; };
		B55A83F71C59DC1500C4B6A0 /* UIScrollView+MJExtension.m */ = {isa = PBXFileReference; fileEncoding = 4; lastKnownFileType = sourcecode.c.objc; path = "UIScrollView+MJExtension.m"; sourceTree = "<group>"; };
		B55A83F81C59DC1500C4B6A0 /* UIScrollView+MJRefresh.h */ = {isa = PBXFileReference; fileEncoding = 4; lastKnownFileType = sourcecode.c.h; path = "UIScrollView+MJRefresh.h"; sourceTree = "<group>"; };
		B55A83F91C59DC1500C4B6A0 /* UIScrollView+MJRefresh.m */ = {isa = PBXFileReference; fileEncoding = 4; lastKnownFileType = sourcecode.c.objc; path = "UIScrollView+MJRefresh.m"; sourceTree = "<group>"; };
		B55A83FA1C59DC1500C4B6A0 /* UIView+MJExtension.h */ = {isa = PBXFileReference; fileEncoding = 4; lastKnownFileType = sourcecode.c.h; path = "UIView+MJExtension.h"; sourceTree = "<group>"; };
		B55A83FB1C59DC1500C4B6A0 /* UIView+MJExtension.m */ = {isa = PBXFileReference; fileEncoding = 4; lastKnownFileType = sourcecode.c.objc; path = "UIView+MJExtension.m"; sourceTree = "<group>"; };
		B59E86061B411EDF0008D5D9 /* LazyTableView.app */ = {isa = PBXFileReference; explicitFileType = wrapper.application; includeInIndex = 0; path = LazyTableView.app; sourceTree = BUILT_PRODUCTS_DIR; };
		B59E860A1B411EDF0008D5D9 /* Info.plist */ = {isa = PBXFileReference; lastKnownFileType = text.plist.xml; path = Info.plist; sourceTree = "<group>"; };
		B59E860B1B411EDF0008D5D9 /* main.m */ = {isa = PBXFileReference; lastKnownFileType = sourcecode.c.objc; path = main.m; sourceTree = "<group>"; };
		B59E860D1B411EDF0008D5D9 /* AppDelegate.h */ = {isa = PBXFileReference; lastKnownFileType = sourcecode.c.h; path = AppDelegate.h; sourceTree = "<group>"; };
		B59E860E1B411EDF0008D5D9 /* AppDelegate.m */ = {isa = PBXFileReference; lastKnownFileType = sourcecode.c.objc; path = AppDelegate.m; sourceTree = "<group>"; };
		B59E86101B411EDF0008D5D9 /* ViewController.h */ = {isa = PBXFileReference; lastKnownFileType = sourcecode.c.h; path = ViewController.h; sourceTree = "<group>"; };
		B59E86111B411EDF0008D5D9 /* ViewController.m */ = {isa = PBXFileReference; lastKnownFileType = sourcecode.c.objc; path = ViewController.m; sourceTree = "<group>"; };
		B59E86141B411EDF0008D5D9 /* Base */ = {isa = PBXFileReference; lastKnownFileType = file.storyboard; name = Base; path = Base.lproj/Main.storyboard; sourceTree = "<group>"; };
		B59E86161B411EDF0008D5D9 /* Images.xcassets */ = {isa = PBXFileReference; lastKnownFileType = folder.assetcatalog; path = Images.xcassets; sourceTree = "<group>"; };
		B59E86191B411EDF0008D5D9 /* Base */ = {isa = PBXFileReference; lastKnownFileType = file.xib; name = Base; path = Base.lproj/LaunchScreen.xib; sourceTree = "<group>"; };
		B59E861F1B411EDF0008D5D9 /* LazyTableViewTests.xctest */ = {isa = PBXFileReference; explicitFileType = wrapper.cfbundle; includeInIndex = 0; path = LazyTableViewTests.xctest; sourceTree = BUILT_PRODUCTS_DIR; };
		B59E86241B411EDF0008D5D9 /* Info.plist */ = {isa = PBXFileReference; lastKnownFileType = text.plist.xml; path = Info.plist; sourceTree = "<group>"; };
		B59E86251B411EDF0008D5D9 /* LazyTableViewTests.m */ = {isa = PBXFileReference; lastKnownFileType = sourcecode.c.objc; path = LazyTableViewTests.m; sourceTree = "<group>"; };
		B59E86301B4120430008D5D9 /* LazyTableBaseItem.h */ = {isa = PBXFileReference; fileEncoding = 4; lastKnownFileType = sourcecode.c.h; path = LazyTableBaseItem.h; sourceTree = "<group>"; };
		B59E86311B4120430008D5D9 /* LazyTableBaseItem.m */ = {isa = PBXFileReference; fileEncoding = 4; lastKnownFileType = sourcecode.c.objc; path = LazyTableBaseItem.m; sourceTree = "<group>"; };
		B59E86321B4120430008D5D9 /* LazyTableBaseSection.h */ = {isa = PBXFileReference; fileEncoding = 4; lastKnownFileType = sourcecode.c.h; path = LazyTableBaseSection.h; sourceTree = "<group>"; };
		B59E86331B4120430008D5D9 /* LazyTableBaseSection.m */ = {isa = PBXFileReference; fileEncoding = 4; lastKnownFileType = sourcecode.c.objc; path = LazyTableBaseSection.m; sourceTree = "<group>"; };
		B59E86341B4120430008D5D9 /* LazyTableCellProtocol.h */ = {isa = PBXFileReference; fileEncoding = 4; lastKnownFileType = sourcecode.c.h; path = LazyTableCellProtocol.h; sourceTree = "<group>"; };
		B59E86351B4120430008D5D9 /* LazyTableHelp.h */ = {isa = PBXFileReference; fileEncoding = 4; lastKnownFileType = sourcecode.c.h; path = LazyTableHelp.h; sourceTree = "<group>"; };
		B59E86361B4120430008D5D9 /* LazyTableHelp.m */ = {isa = PBXFileReference; fileEncoding = 4; lastKnownFileType = sourcecode.c.objc; path = LazyTableHelp.m; sourceTree = "<group>"; };
		B59E86371B4120430008D5D9 /* LazyTableView.h */ = {isa = PBXFileReference; fileEncoding = 4; lastKnownFileType = sourcecode.c.h; path = LazyTableView.h; sourceTree = "<group>"; };
		B59E86381B4120430008D5D9 /* LazyTableView.m */ = {isa = PBXFileReference; fileEncoding = 4; lastKnownFileType = sourcecode.c.objc; path = LazyTableView.m; sourceTree = "<group>"; };
		B59E86401B4121EC0008D5D9 /* AFHTTPRequestOperation.h */ = {isa = PBXFileReference; fileEncoding = 4; lastKnownFileType = sourcecode.c.h; path = AFHTTPRequestOperation.h; sourceTree = "<group>"; };
		B59E86411B4121EC0008D5D9 /* AFHTTPRequestOperation.m */ = {isa = PBXFileReference; fileEncoding = 4; lastKnownFileType = sourcecode.c.objc; path = AFHTTPRequestOperation.m; sourceTree = "<group>"; };
		B59E86421B4121EC0008D5D9 /* AFHTTPRequestOperationManager.h */ = {isa = PBXFileReference; fileEncoding = 4; lastKnownFileType = sourcecode.c.h; path = AFHTTPRequestOperationManager.h; sourceTree = "<group>"; };
		B59E86431B4121EC0008D5D9 /* AFHTTPRequestOperationManager.m */ = {isa = PBXFileReference; fileEncoding = 4; lastKnownFileType = sourcecode.c.objc; path = AFHTTPRequestOperationManager.m; sourceTree = "<group>"; };
		B59E86441B4121EC0008D5D9 /* AFHTTPSessionManager.h */ = {isa = PBXFileReference; fileEncoding = 4; lastKnownFileType = sourcecode.c.h; path = AFHTTPSessionManager.h; sourceTree = "<group>"; };
		B59E86451B4121EC0008D5D9 /* AFHTTPSessionManager.m */ = {isa = PBXFileReference; fileEncoding = 4; lastKnownFileType = sourcecode.c.objc; path = AFHTTPSessionManager.m; sourceTree = "<group>"; };
		B59E86461B4121EC0008D5D9 /* AFNetworking.h */ = {isa = PBXFileReference; fileEncoding = 4; lastKnownFileType = sourcecode.c.h; path = AFNetworking.h; sourceTree = "<group>"; };
		B59E86471B4121EC0008D5D9 /* AFNetworkReachabilityManager.h */ = {isa = PBXFileReference; fileEncoding = 4; lastKnownFileType = sourcecode.c.h; path = AFNetworkReachabilityManager.h; sourceTree = "<group>"; };
		B59E86481B4121EC0008D5D9 /* AFNetworkReachabilityManager.m */ = {isa = PBXFileReference; fileEncoding = 4; lastKnownFileType = sourcecode.c.objc; path = AFNetworkReachabilityManager.m; sourceTree = "<group>"; };
		B59E86491B4121EC0008D5D9 /* AFSecurityPolicy.h */ = {isa = PBXFileReference; fileEncoding = 4; lastKnownFileType = sourcecode.c.h; path = AFSecurityPolicy.h; sourceTree = "<group>"; };
		B59E864A1B4121EC0008D5D9 /* AFSecurityPolicy.m */ = {isa = PBXFileReference; fileEncoding = 4; lastKnownFileType = sourcecode.c.objc; path = AFSecurityPolicy.m; sourceTree = "<group>"; };
		B59E864B1B4121EC0008D5D9 /* AFURLConnectionOperation.h */ = {isa = PBXFileReference; fileEncoding = 4; lastKnownFileType = sourcecode.c.h; path = AFURLConnectionOperation.h; sourceTree = "<group>"; };
		B59E864C1B4121EC0008D5D9 /* AFURLConnectionOperation.m */ = {isa = PBXFileReference; fileEncoding = 4; lastKnownFileType = sourcecode.c.objc; path = AFURLConnectionOperation.m; sourceTree = "<group>"; };
		B59E864D1B4121EC0008D5D9 /* AFURLRequestSerialization.h */ = {isa = PBXFileReference; fileEncoding = 4; lastKnownFileType = sourcecode.c.h; path = AFURLRequestSerialization.h; sourceTree = "<group>"; };
		B59E864E1B4121EC0008D5D9 /* AFURLRequestSerialization.m */ = {isa = PBXFileReference; fileEncoding = 4; lastKnownFileType = sourcecode.c.objc; path = AFURLRequestSerialization.m; sourceTree = "<group>"; };
		B59E864F1B4121EC0008D5D9 /* AFURLResponseSerialization.h */ = {isa = PBXFileReference; fileEncoding = 4; lastKnownFileType = sourcecode.c.h; path = AFURLResponseSerialization.h; sourceTree = "<group>"; };
		B59E86501B4121EC0008D5D9 /* AFURLResponseSerialization.m */ = {isa = PBXFileReference; fileEncoding = 4; lastKnownFileType = sourcecode.c.objc; path = AFURLResponseSerialization.m; sourceTree = "<group>"; };
		B59E86511B4121EC0008D5D9 /* AFURLSessionManager.h */ = {isa = PBXFileReference; fileEncoding = 4; lastKnownFileType = sourcecode.c.h; path = AFURLSessionManager.h; sourceTree = "<group>"; };
		B59E86521B4121EC0008D5D9 /* AFURLSessionManager.m */ = {isa = PBXFileReference; fileEncoding = 4; lastKnownFileType = sourcecode.c.objc; path = AFURLSessionManager.m; sourceTree = "<group>"; };
		B59E86531B4121EC0008D5D9 /* LICENSE */ = {isa = PBXFileReference; fileEncoding = 4; lastKnownFileType = text; path = LICENSE; sourceTree = "<group>"; };
		B59E86541B4121EC0008D5D9 /* README.md */ = {isa = PBXFileReference; fileEncoding = 4; lastKnownFileType = net.daringfireball.markdown; path = README.md; sourceTree = "<group>"; };
		B59E86561B4121EC0008D5D9 /* AFNetworkActivityIndicatorManager.h */ = {isa = PBXFileReference; fileEncoding = 4; lastKnownFileType = sourcecode.c.h; path = AFNetworkActivityIndicatorManager.h; sourceTree = "<group>"; };
		B59E86571B4121EC0008D5D9 /* AFNetworkActivityIndicatorManager.m */ = {isa = PBXFileReference; fileEncoding = 4; lastKnownFileType = sourcecode.c.objc; path = AFNetworkActivityIndicatorManager.m; sourceTree = "<group>"; };
		B59E86581B4121EC0008D5D9 /* UIActivityIndicatorView+AFNetworking.h */ = {isa = PBXFileReference; fileEncoding = 4; lastKnownFileType = sourcecode.c.h; path = "UIActivityIndicatorView+AFNetworking.h"; sourceTree = "<group>"; };
		B59E86591B4121EC0008D5D9 /* UIActivityIndicatorView+AFNetworking.m */ = {isa = PBXFileReference; fileEncoding = 4; lastKnownFileType = sourcecode.c.objc; path = "UIActivityIndicatorView+AFNetworking.m"; sourceTree = "<group>"; };
		B59E865A1B4121EC0008D5D9 /* UIAlertView+AFNetworking.h */ = {isa = PBXFileReference; fileEncoding = 4; lastKnownFileType = sourcecode.c.h; path = "UIAlertView+AFNetworking.h"; sourceTree = "<group>"; };
		B59E865B1B4121EC0008D5D9 /* UIAlertView+AFNetworking.m */ = {isa = PBXFileReference; fileEncoding = 4; lastKnownFileType = sourcecode.c.objc; path = "UIAlertView+AFNetworking.m"; sourceTree = "<group>"; };
		B59E865C1B4121EC0008D5D9 /* UIButton+AFNetworking.h */ = {isa = PBXFileReference; fileEncoding = 4; lastKnownFileType = sourcecode.c.h; path = "UIButton+AFNetworking.h"; sourceTree = "<group>"; };
		B59E865D1B4121EC0008D5D9 /* UIButton+AFNetworking.m */ = {isa = PBXFileReference; fileEncoding = 4; lastKnownFileType = sourcecode.c.objc; path = "UIButton+AFNetworking.m"; sourceTree = "<group>"; };
		B59E865E1B4121EC0008D5D9 /* UIImageView+AFNetworking.h */ = {isa = PBXFileReference; fileEncoding = 4; lastKnownFileType = sourcecode.c.h; path = "UIImageView+AFNetworking.h"; sourceTree = "<group>"; };
		B59E865F1B4121EC0008D5D9 /* UIImageView+AFNetworking.m */ = {isa = PBXFileReference; fileEncoding = 4; lastKnownFileType = sourcecode.c.objc; path = "UIImageView+AFNetworking.m"; sourceTree = "<group>"; };
		B59E86601B4121EC0008D5D9 /* UIKit+AFNetworking.h */ = {isa = PBXFileReference; fileEncoding = 4; lastKnownFileType = sourcecode.c.h; path = "UIKit+AFNetworking.h"; sourceTree = "<group>"; };
		B59E86611B4121EC0008D5D9 /* UIProgressView+AFNetworking.h */ = {isa = PBXFileReference; fileEncoding = 4; lastKnownFileType = sourcecode.c.h; path = "UIProgressView+AFNetworking.h"; sourceTree = "<group>"; };
		B59E86621B4121EC0008D5D9 /* UIProgressView+AFNetworking.m */ = {isa = PBXFileReference; fileEncoding = 4; lastKnownFileType = sourcecode.c.objc; path = "UIProgressView+AFNetworking.m"; sourceTree = "<group>"; };
		B59E86631B4121EC0008D5D9 /* UIRefreshControl+AFNetworking.h */ = {isa = PBXFileReference; fileEncoding = 4; lastKnownFileType = sourcecode.c.h; path = "UIRefreshControl+AFNetworking.h"; sourceTree = "<group>"; };
		B59E86641B4121EC0008D5D9 /* UIRefreshControl+AFNetworking.m */ = {isa = PBXFileReference; fileEncoding = 4; lastKnownFileType = sourcecode.c.objc; path = "UIRefreshControl+AFNetworking.m"; sourceTree = "<group>"; };
		B59E86651B4121EC0008D5D9 /* UIWebView+AFNetworking.h */ = {isa = PBXFileReference; fileEncoding = 4; lastKnownFileType = sourcecode.c.h; path = "UIWebView+AFNetworking.h"; sourceTree = "<group>"; };
		B59E86661B4121EC0008D5D9 /* UIWebView+AFNetworking.m */ = {isa = PBXFileReference; fileEncoding = 4; lastKnownFileType = sourcecode.c.objc; path = "UIWebView+AFNetworking.m"; sourceTree = "<group>"; };
		B59E866A1B4121EC0008D5D9 /* JSONModel.h */ = {isa = PBXFileReference; fileEncoding = 4; lastKnownFileType = sourcecode.c.h; path = JSONModel.h; sourceTree = "<group>"; };
		B59E866B1B4121EC0008D5D9 /* JSONModel.m */ = {isa = PBXFileReference; fileEncoding = 4; lastKnownFileType = sourcecode.c.objc; path = JSONModel.m; sourceTree = "<group>"; };
		B59E866C1B4121EC0008D5D9 /* JSONModelArray.h */ = {isa = PBXFileReference; fileEncoding = 4; lastKnownFileType = sourcecode.c.h; path = JSONModelArray.h; sourceTree = "<group>"; };
		B59E866D1B4121EC0008D5D9 /* JSONModelArray.m */ = {isa = PBXFileReference; fileEncoding = 4; lastKnownFileType = sourcecode.c.objc; path = JSONModelArray.m; sourceTree = "<group>"; };
		B59E866E1B4121EC0008D5D9 /* JSONModelClassProperty.h */ = {isa = PBXFileReference; fileEncoding = 4; lastKnownFileType = sourcecode.c.h; path = JSONModelClassProperty.h; sourceTree = "<group>"; };
		B59E866F1B4121EC0008D5D9 /* JSONModelClassProperty.m */ = {isa = PBXFileReference; fileEncoding = 4; lastKnownFileType = sourcecode.c.objc; path = JSONModelClassProperty.m; sourceTree = "<group>"; };
		B59E86701B4121EC0008D5D9 /* JSONModelError.h */ = {isa = PBXFileReference; fileEncoding = 4; lastKnownFileType = sourcecode.c.h; path = JSONModelError.h; sourceTree = "<group>"; };
		B59E86711B4121EC0008D5D9 /* JSONModelError.m */ = {isa = PBXFileReference; fileEncoding = 4; lastKnownFileType = sourcecode.c.objc; path = JSONModelError.m; sourceTree = "<group>"; };
		B59E86731B4121EC0008D5D9 /* NSArray+JSONModel.h */ = {isa = PBXFileReference; fileEncoding = 4; lastKnownFileType = sourcecode.c.h; path = "NSArray+JSONModel.h"; sourceTree = "<group>"; };
		B59E86741B4121EC0008D5D9 /* NSArray+JSONModel.m */ = {isa = PBXFileReference; fileEncoding = 4; lastKnownFileType = sourcecode.c.objc; path = "NSArray+JSONModel.m"; sourceTree = "<group>"; };
		B59E86751B4121EC0008D5D9 /* JSONModelLib.h */ = {isa = PBXFileReference; fileEncoding = 4; lastKnownFileType = sourcecode.c.h; path = JSONModelLib.h; sourceTree = "<group>"; };
		B59E86771B4121EC0008D5D9 /* JSONAPI.h */ = {isa = PBXFileReference; fileEncoding = 4; lastKnownFileType = sourcecode.c.h; path = JSONAPI.h; sourceTree = "<group>"; };
		B59E86781B4121EC0008D5D9 /* JSONAPI.m */ = {isa = PBXFileReference; fileEncoding = 4; lastKnownFileType = sourcecode.c.objc; path = JSONAPI.m; sourceTree = "<group>"; };
		B59E86791B4121EC0008D5D9 /* JSONHTTPClient.h */ = {isa = PBXFileReference; fileEncoding = 4; lastKnownFileType = sourcecode.c.h; path = JSONHTTPClient.h; sourceTree = "<group>"; };
		B59E867A1B4121EC0008D5D9 /* JSONHTTPClient.m */ = {isa = PBXFileReference; fileEncoding = 4; lastKnownFileType = sourcecode.c.objc; path = JSONHTTPClient.m; sourceTree = "<group>"; };
		B59E867B1B4121EC0008D5D9 /* JSONModel+networking.h */ = {isa = PBXFileReference; fileEncoding = 4; lastKnownFileType = sourcecode.c.h; path = "JSONModel+networking.h"; sourceTree = "<group>"; };
		B59E867C1B4121EC0008D5D9 /* JSONModel+networking.m */ = {isa = PBXFileReference; fileEncoding = 4; lastKnownFileType = sourcecode.c.objc; path = "JSONModel+networking.m"; sourceTree = "<group>"; };
		B59E867E1B4121EC0008D5D9 /* JSONKeyMapper.h */ = {isa = PBXFileReference; fileEncoding = 4; lastKnownFileType = sourcecode.c.h; path = JSONKeyMapper.h; sourceTree = "<group>"; };
		B59E867F1B4121EC0008D5D9 /* JSONKeyMapper.m */ = {isa = PBXFileReference; fileEncoding = 4; lastKnownFileType = sourcecode.c.objc; path = JSONKeyMapper.m; sourceTree = "<group>"; };
		B59E86801B4121EC0008D5D9 /* JSONValueTransformer.h */ = {isa = PBXFileReference; fileEncoding = 4; lastKnownFileType = sourcecode.c.h; path = JSONValueTransformer.h; sourceTree = "<group>"; };
		B59E86811B4121EC0008D5D9 /* JSONValueTransformer.m */ = {isa = PBXFileReference; fileEncoding = 4; lastKnownFileType = sourcecode.c.objc; path = JSONValueTransformer.m; sourceTree = "<group>"; };
		B59E86821B4121EC0008D5D9 /* LICENSE_jsonmodel.txt */ = {isa = PBXFileReference; fileEncoding = 4; lastKnownFileType = text; path = LICENSE_jsonmodel.txt; sourceTree = "<group>"; };
		B59E86831B4121EC0008D5D9 /* README.md */ = {isa = PBXFileReference; fileEncoding = 4; lastKnownFileType = net.daringfireball.markdown; path = README.md; sourceTree = "<group>"; };
		B59E86C41B4123430008D5D9 /* DataEmpty.png */ = {isa = PBXFileReference; lastKnownFileType = image.png; path = DataEmpty.png; sourceTree = "<group>"; };
		B59E86C51B4123430008D5D9 /* DataError.png */ = {isa = PBXFileReference; lastKnownFileType = image.png; path = DataError.png; sourceTree = "<group>"; };
		B59E86C61B4123430008D5D9 /* HUDLoading1.png */ = {isa = PBXFileReference; lastKnownFileType = image.png; path = HUDLoading1.png; sourceTree = "<group>"; };
		B59E86C71B4123430008D5D9 /* HUDLoading2.png */ = {isa = PBXFileReference; lastKnownFileType = image.png; path = HUDLoading2.png; sourceTree = "<group>"; };
		B59E86C81B4123430008D5D9 /* HUDLoading3.png */ = {isa = PBXFileReference; lastKnownFileType = image.png; path = HUDLoading3.png; sourceTree = "<group>"; };
		B59E86C91B4123430008D5D9 /* HUDLoading4.png */ = {isa = PBXFileReference; lastKnownFileType = image.png; path = HUDLoading4.png; sourceTree = "<group>"; };
		B59E86CA1B4123430008D5D9 /* HUDLoading5.png */ = {isa = PBXFileReference; lastKnownFileType = image.png; path = HUDLoading5.png; sourceTree = "<group>"; };
		B59E86CB1B4123430008D5D9 /* HUDLoading6.png */ = {isa = PBXFileReference; lastKnownFileType = image.png; path = HUDLoading6.png; sourceTree = "<group>"; };
		B59E86CC1B4123430008D5D9 /* HUDLoading7.png */ = {isa = PBXFileReference; lastKnownFileType = image.png; path = HUDLoading7.png; sourceTree = "<group>"; };
		B59E86D61B4128A40008D5D9 /* InfoItem.h */ = {isa = PBXFileReference; fileEncoding = 4; lastKnownFileType = sourcecode.c.h; path = InfoItem.h; sourceTree = "<group>"; };
		B59E86D71B4128A40008D5D9 /* InfoItem.m */ = {isa = PBXFileReference; fileEncoding = 4; lastKnownFileType = sourcecode.c.objc; path = InfoItem.m; sourceTree = "<group>"; };
		B59E86D91B4129A60008D5D9 /* InfoCell.h */ = {isa = PBXFileReference; fileEncoding = 4; lastKnownFileType = sourcecode.c.h; path = InfoCell.h; sourceTree = "<group>"; };
		B59E86DA1B4129A60008D5D9 /* InfoCell.m */ = {isa = PBXFileReference; fileEncoding = 4; lastKnownFileType = sourcecode.c.objc; path = InfoCell.m; sourceTree = "<group>"; };
		B59E86DB1B4129A60008D5D9 /* InfoCell.xib */ = {isa = PBXFileReference; fileEncoding = 4; lastKnownFileType = file.xib; path = InfoCell.xib; sourceTree = "<group>"; };
		B59E86DE1B412A500008D5D9 /* LazyTableCell.h */ = {isa = PBXFileReference; fileEncoding = 4; lastKnownFileType = sourcecode.c.h; path = LazyTableCell.h; sourceTree = "<group>"; };
		B59E86DF1B412A500008D5D9 /* LazyTableCell.m */ = {isa = PBXFileReference; fileEncoding = 4; lastKnownFileType = sourcecode.c.objc; path = LazyTableCell.m; sourceTree = "<group>"; };
		B59E86E11B423B100008D5D9 /* myTableViewCell.h */ = {isa = PBXFileReference; fileEncoding = 4; lastKnownFileType = sourcecode.c.h; path = myTableViewCell.h; sourceTree = "<group>"; };
		B59E86E21B423B100008D5D9 /* myTableViewCell.m */ = {isa = PBXFileReference; fileEncoding = 4; lastKnownFileType = sourcecode.c.objc; path = myTableViewCell.m; sourceTree = "<group>"; };
		B59E86E31B423B100008D5D9 /* myTableViewCell.xib */ = {isa = PBXFileReference; fileEncoding = 4; lastKnownFileType = file.xib; path = myTableViewCell.xib; sourceTree = "<group>"; };
		B59E86E41B423B100008D5D9 /* myTableViewItem.h */ = {isa = PBXFileReference; fileEncoding = 4; lastKnownFileType = sourcecode.c.h; path = myTableViewItem.h; sourceTree = "<group>"; };
		B59E86E51B423B100008D5D9 /* myTableViewItem.m */ = {isa = PBXFileReference; fileEncoding = 4; lastKnownFileType = sourcecode.c.objc; path = myTableViewItem.m; sourceTree = "<group>"; };
		B59E86E91B4389450008D5D9 /* MemberHeaderView.h */ = {isa = PBXFileReference; fileEncoding = 4; lastKnownFileType = sourcecode.c.h; path = MemberHeaderView.h; sourceTree = "<group>"; };
		B59E86EA1B4389450008D5D9 /* MemberHeaderView.m */ = {isa = PBXFileReference; fileEncoding = 4; lastKnownFileType = sourcecode.c.objc; path = MemberHeaderView.m; sourceTree = "<group>"; };
		B59E86EB1B4389450008D5D9 /* MemberHeaderView.xib */ = {isa = PBXFileReference; fileEncoding = 4; lastKnownFileType = file.xib; path = MemberHeaderView.xib; sourceTree = "<group>"; };
		B5CD71DA1B4A827D007F76AD /* InfoCell1.h */ = {isa = PBXFileReference; fileEncoding = 4; lastKnownFileType = sourcecode.c.h; path = InfoCell1.h; sourceTree = "<group>"; };
		B5CD71DB1B4A827D007F76AD /* InfoCell1.m */ = {isa = PBXFileReference; fileEncoding = 4; lastKnownFileType = sourcecode.c.objc; path = InfoCell1.m; sourceTree = "<group>"; };
/* End PBXFileReference section */

/* Begin PBXFrameworksBuildPhase section */
		B59E86031B411EDF0008D5D9 /* Frameworks */ = {
			isa = PBXFrameworksBuildPhase;
			buildActionMask = 2147483647;
			files = (
			);
			runOnlyForDeploymentPostprocessing = 0;
		};
		B59E861C1B411EDF0008D5D9 /* Frameworks */ = {
			isa = PBXFrameworksBuildPhase;
			buildActionMask = 2147483647;
			files = (
			);
			runOnlyForDeploymentPostprocessing = 0;
		};
/* End PBXFrameworksBuildPhase section */

/* Begin PBXGroup section */
		B55A83CF1C59DC1500C4B6A0 /* MJRefresh */ = {
			isa = PBXGroup;
			children = (
				B55A83D01C59DC1500C4B6A0 /* Base */,
				B55A83DB1C59DC1500C4B6A0 /* Custom */,
				B55A83F21C59DC1500C4B6A0 /* MJRefresh.bundle */,
				B55A83F31C59DC1500C4B6A0 /* MJRefresh.h */,
				B55A83F41C59DC1500C4B6A0 /* MJRefreshConst.h */,
				B55A83F51C59DC1500C4B6A0 /* MJRefreshConst.m */,
				B55A83F61C59DC1500C4B6A0 /* UIScrollView+MJExtension.h */,
				B55A83F71C59DC1500C4B6A0 /* UIScrollView+MJExtension.m */,
				B55A83F81C59DC1500C4B6A0 /* UIScrollView+MJRefresh.h */,
				B55A83F91C59DC1500C4B6A0 /* UIScrollView+MJRefresh.m */,
				B55A83FA1C59DC1500C4B6A0 /* UIView+MJExtension.h */,
				B55A83FB1C59DC1500C4B6A0 /* UIView+MJExtension.m */,
			);
			path = MJRefresh;
			sourceTree = "<group>";
		};
		B55A83D01C59DC1500C4B6A0 /* Base */ = {
			isa = PBXGroup;
			children = (
				B55A83D11C59DC1500C4B6A0 /* MJRefreshAutoFooter.h */,
				B55A83D21C59DC1500C4B6A0 /* MJRefreshAutoFooter.m */,
				B55A83D31C59DC1500C4B6A0 /* MJRefreshBackFooter.h */,
				B55A83D41C59DC1500C4B6A0 /* MJRefreshBackFooter.m */,
				B55A83D51C59DC1500C4B6A0 /* MJRefreshComponent.h */,
				B55A83D61C59DC1500C4B6A0 /* MJRefreshComponent.m */,
				B55A83D71C59DC1500C4B6A0 /* MJRefreshFooter.h */,
				B55A83D81C59DC1500C4B6A0 /* MJRefreshFooter.m */,
				B55A83D91C59DC1500C4B6A0 /* MJRefreshHeader.h */,
				B55A83DA1C59DC1500C4B6A0 /* MJRefreshHeader.m */,
			);
			path = Base;
			sourceTree = "<group>";
		};
		B55A83DB1C59DC1500C4B6A0 /* Custom */ = {
			isa = PBXGroup;
			children = (
				B55A83DC1C59DC1500C4B6A0 /* Footer */,
				B55A83EB1C59DC1500C4B6A0 /* Header */,
			);
			path = Custom;
			sourceTree = "<group>";
		};
		B55A83DC1C59DC1500C4B6A0 /* Footer */ = {
			isa = PBXGroup;
			children = (
				B55A83DD1C59DC1500C4B6A0 /* Auto */,
				B55A83E41C59DC1500C4B6A0 /* Back */,
			);
			path = Footer;
			sourceTree = "<group>";
		};
		B55A83DD1C59DC1500C4B6A0 /* Auto */ = {
			isa = PBXGroup;
			children = (
				B55A83DE1C59DC1500C4B6A0 /* MJRefreshAutoGifFooter.h */,
				B55A83DF1C59DC1500C4B6A0 /* MJRefreshAutoGifFooter.m */,
				B55A83E01C59DC1500C4B6A0 /* MJRefreshAutoNormalFooter.h */,
				B55A83E11C59DC1500C4B6A0 /* MJRefreshAutoNormalFooter.m */,
				B55A83E21C59DC1500C4B6A0 /* MJRefreshAutoStateFooter.h */,
				B55A83E31C59DC1500C4B6A0 /* MJRefreshAutoStateFooter.m */,
			);
			path = Auto;
			sourceTree = "<group>";
		};
		B55A83E41C59DC1500C4B6A0 /* Back */ = {
			isa = PBXGroup;
			children = (
				B55A83E51C59DC1500C4B6A0 /* MJRefreshBackGifFooter.h */,
				B55A83E61C59DC1500C4B6A0 /* MJRefreshBackGifFooter.m */,
				B55A83E71C59DC1500C4B6A0 /* MJRefreshBackNormalFooter.h */,
				B55A83E81C59DC1500C4B6A0 /* MJRefreshBackNormalFooter.m */,
				B55A83E91C59DC1500C4B6A0 /* MJRefreshBackStateFooter.h */,
				B55A83EA1C59DC1500C4B6A0 /* MJRefreshBackStateFooter.m */,
			);
			path = Back;
			sourceTree = "<group>";
		};
		B55A83EB1C59DC1500C4B6A0 /* Header */ = {
			isa = PBXGroup;
			children = (
				B55A83EC1C59DC1500C4B6A0 /* MJRefreshGifHeader.h */,
				B55A83ED1C59DC1500C4B6A0 /* MJRefreshGifHeader.m */,
				B55A83EE1C59DC1500C4B6A0 /* MJRefreshNormalHeader.h */,
				B55A83EF1C59DC1500C4B6A0 /* MJRefreshNormalHeader.m */,
				B55A83F01C59DC1500C4B6A0 /* MJRefreshStateHeader.h */,
				B55A83F11C59DC1500C4B6A0 /* MJRefreshStateHeader.m */,
			);
			path = Header;
			sourceTree = "<group>";
		};
		B59E85FD1B411EDF0008D5D9 = {
			isa = PBXGroup;
			children = (
				B59E86081B411EDF0008D5D9 /* LazyTableView */,
				B59E86221B411EDF0008D5D9 /* LazyTableViewTests */,
				B59E86071B411EDF0008D5D9 /* Products */,
			);
			sourceTree = "<group>";
		};
		B59E86071B411EDF0008D5D9 /* Products */ = {
			isa = PBXGroup;
			children = (
				B59E86061B411EDF0008D5D9 /* LazyTableView.app */,
				B59E861F1B411EDF0008D5D9 /* LazyTableViewTests.xctest */,
			);
			name = Products;
			sourceTree = "<group>";
		};
		B59E86081B411EDF0008D5D9 /* LazyTableView */ = {
			isa = PBXGroup;
			children = (
				B59E862F1B4120430008D5D9 /* LazyTableView */,
				B59E86D61B4128A40008D5D9 /* InfoItem.h */,
				B59E86D71B4128A40008D5D9 /* InfoItem.m */,
				B59E860D1B411EDF0008D5D9 /* AppDelegate.h */,
				B59E860E1B411EDF0008D5D9 /* AppDelegate.m */,
				B59E86101B411EDF0008D5D9 /* ViewController.h */,
				B59E86111B411EDF0008D5D9 /* ViewController.m */,
				B59E86131B411EDF0008D5D9 /* Main.storyboard */,
				B59E86161B411EDF0008D5D9 /* Images.xcassets */,
				B59E86181B411EDF0008D5D9 /* LaunchScreen.xib */,
				B59E86E11B423B100008D5D9 /* myTableViewCell.h */,
				B59E86E21B423B100008D5D9 /* myTableViewCell.m */,
				B59E86E31B423B100008D5D9 /* myTableViewCell.xib */,
				B59E86E41B423B100008D5D9 /* myTableViewItem.h */,
				B59E86E51B423B100008D5D9 /* myTableViewItem.m */,
				B59E86E91B4389450008D5D9 /* MemberHeaderView.h */,
				B59E86EA1B4389450008D5D9 /* MemberHeaderView.m */,
				B59E86EB1B4389450008D5D9 /* MemberHeaderView.xib */,
				B59E86091B411EDF0008D5D9 /* Supporting Files */,
				B59E86D91B4129A60008D5D9 /* InfoCell.h */,
				B59E86DA1B4129A60008D5D9 /* InfoCell.m */,
				B59E86DB1B4129A60008D5D9 /* InfoCell.xib */,
				B5CD71DA1B4A827D007F76AD /* InfoCell1.h */,
				B5CD71DB1B4A827D007F76AD /* InfoCell1.m */,
			);
			path = LazyTableView;
			sourceTree = "<group>";
		};
		B59E86091B411EDF0008D5D9 /* Supporting Files */ = {
			isa = PBXGroup;
			children = (
				B59E860A1B411EDF0008D5D9 /* Info.plist */,
				B59E860B1B411EDF0008D5D9 /* main.m */,
			);
			name = "Supporting Files";
			sourceTree = "<group>";
		};
		B59E86221B411EDF0008D5D9 /* LazyTableViewTests */ = {
			isa = PBXGroup;
			children = (
				B59E86251B411EDF0008D5D9 /* LazyTableViewTests.m */,
				B59E86231B411EDF0008D5D9 /* Supporting Files */,
			);
			path = LazyTableViewTests;
			sourceTree = "<group>";
		};
		B59E86231B411EDF0008D5D9 /* Supporting Files */ = {
			isa = PBXGroup;
			children = (
				B59E86241B411EDF0008D5D9 /* Info.plist */,
			);
			name = "Supporting Files";
			sourceTree = "<group>";
		};
		B59E862F1B4120430008D5D9 /* LazyTableView */ = {
			isa = PBXGroup;
			children = (
				B59E86C31B4123430008D5D9 /* img */,
				B59E863D1B4121EC0008D5D9 /* lib */,
				B59E86301B4120430008D5D9 /* LazyTableBaseItem.h */,
				B59E86311B4120430008D5D9 /* LazyTableBaseItem.m */,
				B59E86321B4120430008D5D9 /* LazyTableBaseSection.h */,
				B59E86331B4120430008D5D9 /* LazyTableBaseSection.m */,
				B59E86341B4120430008D5D9 /* LazyTableCellProtocol.h */,
				B59E86351B4120430008D5D9 /* LazyTableHelp.h */,
				B59E86361B4120430008D5D9 /* LazyTableHelp.m */,
				B59E86371B4120430008D5D9 /* LazyTableView.h */,
				B59E86381B4120430008D5D9 /* LazyTableView.m */,
				B59E86DE1B412A500008D5D9 /* LazyTableCell.h */,
				B59E86DF1B412A500008D5D9 /* LazyTableCell.m */,
			);
			path = LazyTableView;
			sourceTree = "<group>";
		};
		B59E863D1B4121EC0008D5D9 /* lib */ = {
			isa = PBXGroup;
			children = (
				B55A83CF1C59DC1500C4B6A0 /* MJRefresh */,
				B59E863E1B4121EC0008D5D9 /* AFNetworking */,
				B59E86671B4121EC0008D5D9 /* JSONModel */,
			);
			path = lib;
			sourceTree = "<group>";
		};
		B59E863E1B4121EC0008D5D9 /* AFNetworking */ = {
			isa = PBXGroup;
			children = (
				B59E863F1B4121EC0008D5D9 /* AFNetworking */,
				B59E86531B4121EC0008D5D9 /* LICENSE */,
				B59E86541B4121EC0008D5D9 /* README.md */,
				B59E86551B4121EC0008D5D9 /* UIKit+AFNetworking */,
			);
			path = AFNetworking;
			sourceTree = "<group>";
		};
		B59E863F1B4121EC0008D5D9 /* AFNetworking */ = {
			isa = PBXGroup;
			children = (
				B59E86401B4121EC0008D5D9 /* AFHTTPRequestOperation.h */,
				B59E86411B4121EC0008D5D9 /* AFHTTPRequestOperation.m */,
				B59E86421B4121EC0008D5D9 /* AFHTTPRequestOperationManager.h */,
				B59E86431B4121EC0008D5D9 /* AFHTTPRequestOperationManager.m */,
				B59E86441B4121EC0008D5D9 /* AFHTTPSessionManager.h */,
				B59E86451B4121EC0008D5D9 /* AFHTTPSessionManager.m */,
				B59E86461B4121EC0008D5D9 /* AFNetworking.h */,
				B59E86471B4121EC0008D5D9 /* AFNetworkReachabilityManager.h */,
				B59E86481B4121EC0008D5D9 /* AFNetworkReachabilityManager.m */,
				B59E86491B4121EC0008D5D9 /* AFSecurityPolicy.h */,
				B59E864A1B4121EC0008D5D9 /* AFSecurityPolicy.m */,
				B59E864B1B4121EC0008D5D9 /* AFURLConnectionOperation.h */,
				B59E864C1B4121EC0008D5D9 /* AFURLConnectionOperation.m */,
				B59E864D1B4121EC0008D5D9 /* AFURLRequestSerialization.h */,
				B59E864E1B4121EC0008D5D9 /* AFURLRequestSerialization.m */,
				B59E864F1B4121EC0008D5D9 /* AFURLResponseSerialization.h */,
				B59E86501B4121EC0008D5D9 /* AFURLResponseSerialization.m */,
				B59E86511B4121EC0008D5D9 /* AFURLSessionManager.h */,
				B59E86521B4121EC0008D5D9 /* AFURLSessionManager.m */,
			);
			path = AFNetworking;
			sourceTree = "<group>";
		};
		B59E86551B4121EC0008D5D9 /* UIKit+AFNetworking */ = {
			isa = PBXGroup;
			children = (
				B59E86561B4121EC0008D5D9 /* AFNetworkActivityIndicatorManager.h */,
				B59E86571B4121EC0008D5D9 /* AFNetworkActivityIndicatorManager.m */,
				B59E86581B4121EC0008D5D9 /* UIActivityIndicatorView+AFNetworking.h */,
				B59E86591B4121EC0008D5D9 /* UIActivityIndicatorView+AFNetworking.m */,
				B59E865A1B4121EC0008D5D9 /* UIAlertView+AFNetworking.h */,
				B59E865B1B4121EC0008D5D9 /* UIAlertView+AFNetworking.m */,
				B59E865C1B4121EC0008D5D9 /* UIButton+AFNetworking.h */,
				B59E865D1B4121EC0008D5D9 /* UIButton+AFNetworking.m */,
				B59E865E1B4121EC0008D5D9 /* UIImageView+AFNetworking.h */,
				B59E865F1B4121EC0008D5D9 /* UIImageView+AFNetworking.m */,
				B59E86601B4121EC0008D5D9 /* UIKit+AFNetworking.h */,
				B59E86611B4121EC0008D5D9 /* UIProgressView+AFNetworking.h */,
				B59E86621B4121EC0008D5D9 /* UIProgressView+AFNetworking.m */,
				B59E86631B4121EC0008D5D9 /* UIRefreshControl+AFNetworking.h */,
				B59E86641B4121EC0008D5D9 /* UIRefreshControl+AFNetworking.m */,
				B59E86651B4121EC0008D5D9 /* UIWebView+AFNetworking.h */,
				B59E86661B4121EC0008D5D9 /* UIWebView+AFNetworking.m */,
			);
			path = "UIKit+AFNetworking";
			sourceTree = "<group>";
		};
		B59E86671B4121EC0008D5D9 /* JSONModel */ = {
			isa = PBXGroup;
			children = (
				B59E86681B4121EC0008D5D9 /* JSONModel */,
				B59E86821B4121EC0008D5D9 /* LICENSE_jsonmodel.txt */,
				B59E86831B4121EC0008D5D9 /* README.md */,
			);
			path = JSONModel;
			sourceTree = "<group>";
		};
		B59E86681B4121EC0008D5D9 /* JSONModel */ = {
			isa = PBXGroup;
			children = (
				B59E86691B4121EC0008D5D9 /* JSONModel */,
				B59E86721B4121EC0008D5D9 /* JSONModelCategories */,
				B59E86751B4121EC0008D5D9 /* JSONModelLib.h */,
				B59E86761B4121EC0008D5D9 /* JSONModelNetworking */,
				B59E867D1B4121EC0008D5D9 /* JSONModelTransformations */,
			);
			path = JSONModel;
			sourceTree = "<group>";
		};
		B59E86691B4121EC0008D5D9 /* JSONModel */ = {
			isa = PBXGroup;
			children = (
				B59E866A1B4121EC0008D5D9 /* JSONModel.h */,
				B59E866B1B4121EC0008D5D9 /* JSONModel.m */,
				B59E866C1B4121EC0008D5D9 /* JSONModelArray.h */,
				B59E866D1B4121EC0008D5D9 /* JSONModelArray.m */,
				B59E866E1B4121EC0008D5D9 /* JSONModelClassProperty.h */,
				B59E866F1B4121EC0008D5D9 /* JSONModelClassProperty.m */,
				B59E86701B4121EC0008D5D9 /* JSONModelError.h */,
				B59E86711B4121EC0008D5D9 /* JSONModelError.m */,
			);
			path = JSONModel;
			sourceTree = "<group>";
		};
		B59E86721B4121EC0008D5D9 /* JSONModelCategories */ = {
			isa = PBXGroup;
			children = (
				B59E86731B4121EC0008D5D9 /* NSArray+JSONModel.h */,
				B59E86741B4121EC0008D5D9 /* NSArray+JSONModel.m */,
			);
			path = JSONModelCategories;
			sourceTree = "<group>";
		};
		B59E86761B4121EC0008D5D9 /* JSONModelNetworking */ = {
			isa = PBXGroup;
			children = (
				B59E86771B4121EC0008D5D9 /* JSONAPI.h */,
				B59E86781B4121EC0008D5D9 /* JSONAPI.m */,
				B59E86791B4121EC0008D5D9 /* JSONHTTPClient.h */,
				B59E867A1B4121EC0008D5D9 /* JSONHTTPClient.m */,
				B59E867B1B4121EC0008D5D9 /* JSONModel+networking.h */,
				B59E867C1B4121EC0008D5D9 /* JSONModel+networking.m */,
			);
			path = JSONModelNetworking;
			sourceTree = "<group>";
		};
		B59E867D1B4121EC0008D5D9 /* JSONModelTransformations */ = {
			isa = PBXGroup;
			children = (
				B59E867E1B4121EC0008D5D9 /* JSONKeyMapper.h */,
				B59E867F1B4121EC0008D5D9 /* JSONKeyMapper.m */,
				B59E86801B4121EC0008D5D9 /* JSONValueTransformer.h */,
				B59E86811B4121EC0008D5D9 /* JSONValueTransformer.m */,
			);
			path = JSONModelTransformations;
			sourceTree = "<group>";
		};
		B59E86C31B4123430008D5D9 /* img */ = {
			isa = PBXGroup;
			children = (
				B59E86C41B4123430008D5D9 /* DataEmpty.png */,
				B59E86C51B4123430008D5D9 /* DataError.png */,
				B59E86C61B4123430008D5D9 /* HUDLoading1.png */,
				B59E86C71B4123430008D5D9 /* HUDLoading2.png */,
				B59E86C81B4123430008D5D9 /* HUDLoading3.png */,
				B59E86C91B4123430008D5D9 /* HUDLoading4.png */,
				B59E86CA1B4123430008D5D9 /* HUDLoading5.png */,
				B59E86CB1B4123430008D5D9 /* HUDLoading6.png */,
				B59E86CC1B4123430008D5D9 /* HUDLoading7.png */,
			);
			path = img;
			sourceTree = "<group>";
		};
/* End PBXGroup section */

/* Begin PBXNativeTarget section */
		B59E86051B411EDF0008D5D9 /* LazyTableView */ = {
			isa = PBXNativeTarget;
			buildConfigurationList = B59E86291B411EDF0008D5D9 /* Build configuration list for PBXNativeTarget "LazyTableView" */;
			buildPhases = (
				B59E86021B411EDF0008D5D9 /* Sources */,
				B59E86031B411EDF0008D5D9 /* Frameworks */,
				B59E86041B411EDF0008D5D9 /* Resources */,
			);
			buildRules = (
			);
			dependencies = (
			);
			name = LazyTableView;
			productName = LazyTableView;
			productReference = B59E86061B411EDF0008D5D9 /* LazyTableView.app */;
			productType = "com.apple.product-type.application";
		};
		B59E861E1B411EDF0008D5D9 /* LazyTableViewTests */ = {
			isa = PBXNativeTarget;
			buildConfigurationList = B59E862C1B411EDF0008D5D9 /* Build configuration list for PBXNativeTarget "LazyTableViewTests" */;
			buildPhases = (
				B59E861B1B411EDF0008D5D9 /* Sources */,
				B59E861C1B411EDF0008D5D9 /* Frameworks */,
				B59E861D1B411EDF0008D5D9 /* Resources */,
			);
			buildRules = (
			);
			dependencies = (
				B59E86211B411EDF0008D5D9 /* PBXTargetDependency */,
			);
			name = LazyTableViewTests;
			productName = LazyTableViewTests;
			productReference = B59E861F1B411EDF0008D5D9 /* LazyTableViewTests.xctest */;
			productType = "com.apple.product-type.bundle.unit-test";
		};
/* End PBXNativeTarget section */

/* Begin PBXProject section */
		B59E85FE1B411EDF0008D5D9 /* Project object */ = {
			isa = PBXProject;
			attributes = {
				LastUpgradeCheck = 0630;
				ORGANIZATIONNAME = "孙昕";
				TargetAttributes = {
					B59E86051B411EDF0008D5D9 = {
						CreatedOnToolsVersion = 6.3;
					};
					B59E861E1B411EDF0008D5D9 = {
						CreatedOnToolsVersion = 6.3;
						TestTargetID = B59E86051B411EDF0008D5D9;
					};
				};
			};
			buildConfigurationList = B59E86011B411EDF0008D5D9 /* Build configuration list for PBXProject "LazyTableView" */;
			compatibilityVersion = "Xcode 3.2";
			developmentRegion = English;
			hasScannedForEncodings = 0;
			knownRegions = (
				en,
				Base,
			);
			mainGroup = B59E85FD1B411EDF0008D5D9;
			productRefGroup = B59E86071B411EDF0008D5D9 /* Products */;
			projectDirPath = "";
			projectRoot = "";
			targets = (
				B59E86051B411EDF0008D5D9 /* LazyTableView */,
				B59E861E1B411EDF0008D5D9 /* LazyTableViewTests */,
			);
		};
/* End PBXProject section */

/* Begin PBXResourcesBuildPhase section */
		B59E86041B411EDF0008D5D9 /* Resources */ = {
			isa = PBXResourcesBuildPhase;
			buildActionMask = 2147483647;
			files = (
				B59E86D31B4123430008D5D9 /* HUDLoading5.png in Resources */,
				B59E86D01B4123430008D5D9 /* HUDLoading2.png in Resources */,
				B59E86ED1B4389450008D5D9 /* MemberHeaderView.xib in Resources */,
				B59E86CE1B4123430008D5D9 /* DataError.png in Resources */,
				B59E86CD1B4123430008D5D9 /* DataEmpty.png in Resources */,
				B59E86151B411EDF0008D5D9 /* Main.storyboard in Resources */,
				B59E861A1B411EDF0008D5D9 /* LaunchScreen.xib in Resources */,
				B59E86D51B4123430008D5D9 /* HUDLoading7.png in Resources */,
				B55A840A1C59DC1500C4B6A0 /* MJRefresh.bundle in Resources */,
				B59E86CF1B4123430008D5D9 /* HUDLoading1.png in Resources */,
				B59E86D11B4123430008D5D9 /* HUDLoading3.png in Resources */,
				B59E86D21B4123430008D5D9 /* HUDLoading4.png in Resources */,
				B59E86DD1B4129A60008D5D9 /* InfoCell.xib in Resources */,
				B59E86D41B4123430008D5D9 /* HUDLoading6.png in Resources */,
				B59E86A31B4121EC0008D5D9 /* LICENSE in Resources */,
				B59E86E71B423B100008D5D9 /* myTableViewCell.xib in Resources */,
				B59E86171B411EDF0008D5D9 /* Images.xcassets in Resources */,
				B59E86B71B4121EC0008D5D9 /* LICENSE_jsonmodel.txt in Resources */,
			);
			runOnlyForDeploymentPostprocessing = 0;
		};
		B59E861D1B411EDF0008D5D9 /* Resources */ = {
			isa = PBXResourcesBuildPhase;
			buildActionMask = 2147483647;
			files = (
			);
			runOnlyForDeploymentPostprocessing = 0;
		};
/* End PBXResourcesBuildPhase section */

/* Begin PBXSourcesBuildPhase section */
		B59E86021B411EDF0008D5D9 /* Sources */ = {
			isa = PBXSourcesBuildPhase;
			buildActionMask = 2147483647;
			files = (
				B59E869F1B4121EC0008D5D9 /* AFURLConnectionOperation.m in Sources */,
				B55A84091C59DC1500C4B6A0 /* MJRefreshStateHeader.m in Sources */,
				B55A84011C59DC1500C4B6A0 /* MJRefreshAutoGifFooter.m in Sources */,
				B59E86B01B4121EC0008D5D9 /* JSONModelError.m in Sources */,
				B59E86B21B4121EC0008D5D9 /* JSONAPI.m in Sources */,
				B59E86E01B412A500008D5D9 /* LazyTableCell.m in Sources */,
				B59E86391B4120430008D5D9 /* LazyTableBaseItem.m in Sources */,
				B59E86B31B4121EC0008D5D9 /* JSONHTTPClient.m in Sources */,
				B55A840D1C59DC1500C4B6A0 /* UIScrollView+MJRefresh.m in Sources */,
				B59E86AB1B4121EC0008D5D9 /* UIRefreshControl+AFNetworking.m in Sources */,
				B59E86B81B4121EC0008D5D9 /* README.md in Sources */,
				B55A83FE1C59DC1500C4B6A0 /* MJRefreshComponent.m in Sources */,
				B55A84081C59DC1500C4B6A0 /* MJRefreshNormalHeader.m in Sources */,
				B5CD71DC1B4A827D007F76AD /* InfoCell1.m in Sources */,
				B59E86A81B4121EC0008D5D9 /* UIButton+AFNetworking.m in Sources */,
				B55A83FC1C59DC1500C4B6A0 /* MJRefreshAutoFooter.m in Sources */,
				B59E86DC1B4129A60008D5D9 /* InfoCell.m in Sources */,
				B59E86AA1B4121EC0008D5D9 /* UIProgressView+AFNetworking.m in Sources */,
				B59E86E81B423B100008D5D9 /* myTableViewItem.m in Sources */,
				B59E863C1B4120430008D5D9 /* LazyTableView.m in Sources */,
				B59E86EC1B4389450008D5D9 /* MemberHeaderView.m in Sources */,
				B55A840E1C59DC1500C4B6A0 /* UIView+MJExtension.m in Sources */,
				B55A840B1C59DC1500C4B6A0 /* MJRefreshConst.m in Sources */,
				B59E863B1B4120430008D5D9 /* LazyTableHelp.m in Sources */,
				B55A84041C59DC1500C4B6A0 /* MJRefreshBackGifFooter.m in Sources */,
				B59E86A71B4121EC0008D5D9 /* UIAlertView+AFNetworking.m in Sources */,
				B59E86D81B4128A40008D5D9 /* InfoItem.m in Sources */,
				B59E86A11B4121EC0008D5D9 /* AFURLResponseSerialization.m in Sources */,
				B59E86AD1B4121EC0008D5D9 /* JSONModel.m in Sources */,
				B59E86121B411EDF0008D5D9 /* ViewController.m in Sources */,
				B59E86A01B4121EC0008D5D9 /* AFURLRequestSerialization.m in Sources */,
				B55A84061C59DC1500C4B6A0 /* MJRefreshBackStateFooter.m in Sources */,
				B59E86A91B4121EC0008D5D9 /* UIImageView+AFNetworking.m in Sources */,
				B59E869E1B4121EC0008D5D9 /* AFSecurityPolicy.m in Sources */,
				B59E86A61B4121EC0008D5D9 /* UIActivityIndicatorView+AFNetworking.m in Sources */,
				B55A84051C59DC1500C4B6A0 /* MJRefreshBackNormalFooter.m in Sources */,
				B55A840C1C59DC1500C4B6A0 /* UIScrollView+MJExtension.m in Sources */,
				B59E86B61B4121EC0008D5D9 /* JSONValueTransformer.m in Sources */,
				B59E86B11B4121EC0008D5D9 /* NSArray+JSONModel.m in Sources */,
				B59E86A51B4121EC0008D5D9 /* AFNetworkActivityIndicatorManager.m in Sources */,
				B59E869A1B4121EC0008D5D9 /* AFHTTPRequestOperation.m in Sources */,
				B59E86A21B4121EC0008D5D9 /* AFURLSessionManager.m in Sources */,
				B59E863A1B4120430008D5D9 /* LazyTableBaseSection.m in Sources */,
				B59E86A41B4121EC0008D5D9 /* README.md in Sources */,
				B55A84031C59DC1500C4B6A0 /* MJRefreshAutoStateFooter.m in Sources */,
				B55A83FD1C59DC1500C4B6A0 /* MJRefreshBackFooter.m in Sources */,
				B59E860F1B411EDF0008D5D9 /* AppDelegate.m in Sources */,
				B59E86E61B423B100008D5D9 /* myTableViewCell.m in Sources */,
				B59E86AF1B4121EC0008D5D9 /* JSONModelClassProperty.m in Sources */,
				B55A84071C59DC1500C4B6A0 /* MJRefreshGifHeader.m in Sources */,
				B59E86AE1B4121EC0008D5D9 /* JSONModelArray.m in Sources */,
				B59E869C1B4121EC0008D5D9 /* AFHTTPSessionManager.m in Sources */,
				B55A84021C59DC1500C4B6A0 /* MJRefreshAutoNormalFooter.m in Sources */,
				B59E86B51B4121EC0008D5D9 /* JSONKeyMapper.m in Sources */,
				B59E86B41B4121EC0008D5D9 /* JSONModel+networking.m in Sources */,
				B59E860C1B411EDF0008D5D9 /* main.m in Sources */,
				B55A84001C59DC1500C4B6A0 /* MJRefreshHeader.m in Sources */,
				B59E86AC1B4121EC0008D5D9 /* UIWebView+AFNetworking.m in Sources */,
				B59E869D1B4121EC0008D5D9 /* AFNetworkReachabilityManager.m in Sources */,
				B59E869B1B4121EC0008D5D9 /* AFHTTPRequestOperationManager.m in Sources */,
				B55A83FF1C59DC1500C4B6A0 /* MJRefreshFooter.m in Sources */,
			);
			runOnlyForDeploymentPostprocessing = 0;
		};
		B59E861B1B411EDF0008D5D9 /* Sources */ = {
			isa = PBXSourcesBuildPhase;
			buildActionMask = 2147483647;
			files = (
				B59E86261B411EDF0008D5D9 /* LazyTableViewTests.m in Sources */,
			);
			runOnlyForDeploymentPostprocessing = 0;
		};
/* End PBXSourcesBuildPhase section */

/* Begin PBXTargetDependency section */
		B59E86211B411EDF0008D5D9 /* PBXTargetDependency */ = {
			isa = PBXTargetDependency;
			target = B59E86051B411EDF0008D5D9 /* LazyTableView */;
			targetProxy = B59E86201B411EDF0008D5D9 /* PBXContainerItemProxy */;
		};
/* End PBXTargetDependency section */

/* Begin PBXVariantGroup section */
		B59E86131B411EDF0008D5D9 /* Main.storyboard */ = {
			isa = PBXVariantGroup;
			children = (
				B59E86141B411EDF0008D5D9 /* Base */,
			);
			name = Main.storyboard;
			sourceTree = "<group>";
		};
		B59E86181B411EDF0008D5D9 /* LaunchScreen.xib */ = {
			isa = PBXVariantGroup;
			children = (
				B59E86191B411EDF0008D5D9 /* Base */,
			);
			name = LaunchScreen.xib;
			sourceTree = "<group>";
		};
/* End PBXVariantGroup section */

/* Begin XCBuildConfiguration section */
		B59E86271B411EDF0008D5D9 /* Debug */ = {
			isa = XCBuildConfiguration;
			buildSettings = {
				ALWAYS_SEARCH_USER_PATHS = NO;
				CLANG_CXX_LANGUAGE_STANDARD = "gnu++0x";
				CLANG_CXX_LIBRARY = "libc++";
				CLANG_ENABLE_MODULES = YES;
				CLANG_ENABLE_OBJC_ARC = YES;
				CLANG_WARN_BOOL_CONVERSION = YES;
				CLANG_WARN_CONSTANT_CONVERSION = YES;
				CLANG_WARN_DIRECT_OBJC_ISA_USAGE = YES_ERROR;
				CLANG_WARN_EMPTY_BODY = YES;
				CLANG_WARN_ENUM_CONVERSION = YES;
				CLANG_WARN_INT_CONVERSION = YES;
				CLANG_WARN_OBJC_ROOT_CLASS = YES_ERROR;
				CLANG_WARN_UNREACHABLE_CODE = YES;
				CLANG_WARN__DUPLICATE_METHOD_MATCH = YES;
				"CODE_SIGN_IDENTITY[sdk=iphoneos*]" = "iPhone Developer";
				COPY_PHASE_STRIP = NO;
				DEBUG_INFORMATION_FORMAT = "dwarf-with-dsym";
				ENABLE_STRICT_OBJC_MSGSEND = YES;
				GCC_C_LANGUAGE_STANDARD = gnu99;
				GCC_DYNAMIC_NO_PIC = NO;
				GCC_NO_COMMON_BLOCKS = YES;
				GCC_OPTIMIZATION_LEVEL = 0;
				GCC_PREPROCESSOR_DEFINITIONS = (
					"DEBUG=1",
					"$(inherited)",
				);
				GCC_SYMBOLS_PRIVATE_EXTERN = NO;
				GCC_WARN_64_TO_32_BIT_CONVERSION = YES;
				GCC_WARN_ABOUT_RETURN_TYPE = YES_ERROR;
				GCC_WARN_UNDECLARED_SELECTOR = YES;
				GCC_WARN_UNINITIALIZED_AUTOS = YES_AGGRESSIVE;
				GCC_WARN_UNUSED_FUNCTION = YES;
				GCC_WARN_UNUSED_VARIABLE = YES;
				IPHONEOS_DEPLOYMENT_TARGET = 8.3;
				MTL_ENABLE_DEBUG_INFO = YES;
				ONLY_ACTIVE_ARCH = YES;
				SDKROOT = iphoneos;
			};
			name = Debug;
		};
		B59E86281B411EDF0008D5D9 /* Release */ = {
			isa = XCBuildConfiguration;
			buildSettings = {
				ALWAYS_SEARCH_USER_PATHS = NO;
				CLANG_CXX_LANGUAGE_STANDARD = "gnu++0x";
				CLANG_CXX_LIBRARY = "libc++";
				CLANG_ENABLE_MODULES = YES;
				CLANG_ENABLE_OBJC_ARC = YES;
				CLANG_WARN_BOOL_CONVERSION = YES;
				CLANG_WARN_CONSTANT_CONVERSION = YES;
				CLANG_WARN_DIRECT_OBJC_ISA_USAGE = YES_ERROR;
				CLANG_WARN_EMPTY_BODY = YES;
				CLANG_WARN_ENUM_CONVERSION = YES;
				CLANG_WARN_INT_CONVERSION = YES;
				CLANG_WARN_OBJC_ROOT_CLASS = YES_ERROR;
				CLANG_WARN_UNREACHABLE_CODE = YES;
				CLANG_WARN__DUPLICATE_METHOD_MATCH = YES;
				"CODE_SIGN_IDENTITY[sdk=iphoneos*]" = "iPhone Developer";
				COPY_PHASE_STRIP = NO;
				DEBUG_INFORMATION_FORMAT = "dwarf-with-dsym";
				ENABLE_NS_ASSERTIONS = NO;
				ENABLE_STRICT_OBJC_MSGSEND = YES;
				GCC_C_LANGUAGE_STANDARD = gnu99;
				GCC_NO_COMMON_BLOCKS = YES;
				GCC_WARN_64_TO_32_BIT_CONVERSION = YES;
				GCC_WARN_ABOUT_RETURN_TYPE = YES_ERROR;
				GCC_WARN_UNDECLARED_SELECTOR = YES;
				GCC_WARN_UNINITIALIZED_AUTOS = YES_AGGRESSIVE;
				GCC_WARN_UNUSED_FUNCTION = YES;
				GCC_WARN_UNUSED_VARIABLE = YES;
				IPHONEOS_DEPLOYMENT_TARGET = 8.3;
				MTL_ENABLE_DEBUG_INFO = NO;
				SDKROOT = iphoneos;
				VALIDATE_PRODUCT = YES;
			};
			name = Release;
		};
		B59E862A1B411EDF0008D5D9 /* Debug */ = {
			isa = XCBuildConfiguration;
			buildSettings = {
				ASSETCATALOG_COMPILER_APPICON_NAME = AppIcon;
				INFOPLIST_FILE = LazyTableView/Info.plist;
				LD_RUNPATH_SEARCH_PATHS = "$(inherited) @executable_path/Frameworks";
				PRODUCT_NAME = "$(TARGET_NAME)";
			};
			name = Debug;
		};
		B59E862B1B411EDF0008D5D9 /* Release */ = {
			isa = XCBuildConfiguration;
			buildSettings = {
				ASSETCATALOG_COMPILER_APPICON_NAME = AppIcon;
				INFOPLIST_FILE = LazyTableView/Info.plist;
				LD_RUNPATH_SEARCH_PATHS = "$(inherited) @executable_path/Frameworks";
				PRODUCT_NAME = "$(TARGET_NAME)";
			};
			name = Release;
		};
		B59E862D1B411EDF0008D5D9 /* Debug */ = {
			isa = XCBuildConfiguration;
			buildSettings = {
				BUNDLE_LOADER = "$(TEST_HOST)";
				FRAMEWORK_SEARCH_PATHS = (
					"$(SDKROOT)/Developer/Library/Frameworks",
					"$(inherited)",
				);
				GCC_PREPROCESSOR_DEFINITIONS = (
					"DEBUG=1",
					"$(inherited)",
				);
				INFOPLIST_FILE = LazyTableViewTests/Info.plist;
				LD_RUNPATH_SEARCH_PATHS = "$(inherited) @executable_path/Frameworks @loader_path/Frameworks";
				PRODUCT_NAME = "$(TARGET_NAME)";
				TEST_HOST = "$(BUILT_PRODUCTS_DIR)/LazyTableView.app/LazyTableView";
			};
			name = Debug;
		};
		B59E862E1B411EDF0008D5D9 /* Release */ = {
			isa = XCBuildConfiguration;
			buildSettings = {
				BUNDLE_LOADER = "$(TEST_HOST)";
				FRAMEWORK_SEARCH_PATHS = (
					"$(SDKROOT)/Developer/Library/Frameworks",
					"$(inherited)",
				);
				INFOPLIST_FILE = LazyTableViewTests/Info.plist;
				LD_RUNPATH_SEARCH_PATHS = "$(inherited) @executable_path/Frameworks @loader_path/Frameworks";
				PRODUCT_NAME = "$(TARGET_NAME)";
				TEST_HOST = "$(BUILT_PRODUCTS_DIR)/LazyTableView.app/LazyTableView";
			};
			name = Release;
		};
/* End XCBuildConfiguration section */

/* Begin XCConfigurationList section */
		B59E86011B411EDF0008D5D9 /* Build configuration list for PBXProject "LazyTableView" */ = {
			isa = XCConfigurationList;
			buildConfigurations = (
				B59E86271B411EDF0008D5D9 /* Debug */,
				B59E86281B411EDF0008D5D9 /* Release */,
			);
			defaultConfigurationIsVisible = 0;
			defaultConfigurationName = Release;
		};
		B59E86291B411EDF0008D5D9 /* Build configuration list for PBXNativeTarget "LazyTableView" */ = {
			isa = XCConfigurationList;
			buildConfigurations = (
				B59E862A1B411EDF0008D5D9 /* Debug */,
				B59E862B1B411EDF0008D5D9 /* Release */,
			);
			defaultConfigurationIsVisible = 0;
			defaultConfigurationName = Release;
		};
		B59E862C1B411EDF0008D5D9 /* Build configuration list for PBXNativeTarget "LazyTableViewTests" */ = {
			isa = XCConfigurationList;
			buildConfigurations = (
				B59E862D1B411EDF0008D5D9 /* Debug */,
				B59E862E1B411EDF0008D5D9 /* Release */,
			);
			defaultConfigurationIsVisible = 0;
			defaultConfigurationName = Release;
		};
/* End XCConfigurationList section */
	};
	rootObject = B59E85FE1B411EDF0008D5D9 /* Project object */;
}
